<?xml version="1.0" encoding="UTF-8" standalone="yes" ?>
<CodeBlocks_project_file>
	<FileVersion major="1" minor="6" />
	<Project>
		<Option title="MiniLib" />
		<Option pch_mode="2" />
		<Option compiler="gcc" />
		<Build>
			<Target title="Debug">
				<Option output="bin/Debug/ML" prefix_auto="1" extension_auto="1" />
				<Option working_dir="" />
				<Option object_output="obj/Debug/" />
				<Option type="2" />
				<Option compiler="gcc" />
				<Option createDefFile="1" />
				<Compiler>
					<Add option="-Wall" />
					<Add option="-g" />
				</Compiler>
			</Target>
			<Target title="Release">
				<Option output="bin/Release/ML" prefix_auto="1" extension_auto="1" />
				<Option working_dir="" />
				<Option object_output="obj/Release/" />
				<Option type="2" />
				<Option compiler="gcc" />
				<Option createDefFile="1" />
				<Compiler>
					<Add option="-Wall" />
					<Add option="-O2" />
				</Compiler>
				<Linker>
					<Add option="-s" />
				</Linker>
			</Target>
		</Build>
		<Compiler>
			<Add option="`pkg-config --cflags gtk+-2.0`" />
			<Add directory="include" />
		</Compiler>
		<Unit filename="include/MLApplication.h" />
		<Unit filename="include/MLCollection.h" />
		<Unit filename="include/MLObject.h" />
		<Unit filename="include/MLString.h" />
		<Unit filename="include/MLVector.h" />
		<Unit filename="include/MLWindow.h" />
		<Unit filename="include/MetaInfo.h" />
		<Unit filename="include/OSBridge.h" />
		<Unit filename="main.c">
			<Option compilerVar="CC" />
		</Unit>
		<Unit filename="src/MLApplication.cpp" />
		<Unit filename="src/MLCollection.cpp" />
		<Unit filename="src/MLObject.cpp" />
		<Unit filename="src/MLString.cpp" />
		<Unit filename="src/MLVector.cpp" />
		<Unit filename="src/MLWindow.cpp" />
		<Unit filename="src/MetaInfo.cpp" />
		<Unit filename="src/OSBridge2Gtk.cpp" />
		<Extensions>
			<code_completion />
			<debugger />
		</Extensions>
	</Project>
</CodeBlocks_project_file>
