
Microsoft Visual Studio Solution File, Format Version 12.00
# Visual Studio 2012
Project("{FAE04EC0-301F-11D3-BF4B-00C04F79EFBC}") = "AsyncProgramming", "AsyncProgramming.csproj", "{5BBAB9EA-7788-483E-B930-AABE987E19D7}"
EndProject
Global
	GlobalSection(SolutionConfigurationPlatforms) = preSolution
		Debug|Any CPU = Debug|Any CPU
		Release|Any CPU = Release|Any CPU
	EndGlobalSection
	GlobalSection(ProjectConfigurationPlatforms) = postSolution
		{5BBAB9EA-7788-483E-B930-AABE987E19D7}.Debug|Any CPU.ActiveCfg = Debug|Any CPU
		{5BBAB9EA-7788-483E-B930-AABE987E19D7}.Debug|Any CPU.Build.0 = Debug|Any CPU
		{5BBAB9EA-7788-483E-B930-AABE987E19D7}.Release|Any CPU.ActiveCfg = Release|Any CPU
		{5BBAB9EA-7788-483E-B930-AABE987E19D7}.Release|Any CPU.Build.0 = Release|Any CPU
	EndGlobalSection
	GlobalSection(SolutionProperties) = preSolution
		HideSolutionNode = FALSE
	EndGlobalSection
EndGlobal
